
PODS:
- AHEasing (1.0)
- HTAutocompleteTextField (1.1.2)
- HTDelegateProxy (0.0.3)
- HTGradientEasing (0.0.4):
  - AHEasing
  - UIColor-CrossFade
- HTRasterView (1.1.9):
  - JJCachedAsyncViewDrawing
- JJCachedAsyncViewDrawing (0.0.1)
- SFObservers (1.0)
- UIColor-CrossFade (0.0.1)
- UIViewPlusPosition (0.0.1)

DEPENDENCIES:
- HTAutocompleteTextField
- HTDelegateProxy
- HTGradientEasing
- HTRasterView
- SFObservers
- UIViewPlusPosition

SPEC CHECKSUMS:
  AHEasing: 6f0a6e894ad0ce2d49013bf4123b313de91474fd
  HTAutocompleteTextField: 69eaa27fb32f44a2dcda8c969863a2aa79504d1b
  HTDelegateProxy: f01c6deb2d9850172502a694a7cb7d47b9ed3d3f
  HTGradientEasing: e764de9c1790b8957f8987fb543246a76ea06bc4
  HTRasterView: 3eade5c42f168b0c2a650ef2377f3bd687c75d28
  JJCachedAsyncViewDrawing: 6ebb56c4b4c3242469015ac5de99af75e6360d4a
  SFObservers: c73182a89feb75caec41f78c65d6ca00149c7e75
  UIColor-CrossFade: afd26f1e60caa96184b0e894736b38039507c46e
  UIViewPlusPosition: b456af499d3525c3566d5d96d93e56d9facde440

COCOAPODS: 0.16.0
